
Microsoft Visual Studio Solution File, Format Version 12.00
# Visual Studio 15
VisualStudioVersion = 15.0.28010.2046
MinimumVisualStudioVersion = 10.0.40219.1
Project("{FAE04EC0-301F-11D3-BF4B-00C04F79EFBC}") = "MyFirstCore", "MyFirstCore\MyFirstCore.csproj", "{7E881441-9DAE-4C7F-B413-DF7215227FE6}"
EndProject
Global
	GlobalSection(SolutionConfigurationPlatforms) = preSolution
		Debug|Any CPU = Debug|Any CPU
		Release|Any CPU = Release|Any CPU
	EndGlobalSection
	GlobalSection(ProjectConfigurationPlatforms) = postSolution
		{7E881441-9DAE-4C7F-B413-DF7215227FE6}.Debug|Any CPU.ActiveCfg = Debug|Any CPU
		{7E881441-9DAE-4C7F-B413-DF7215227FE6}.Debug|Any CPU.Build.0 = Debug|Any CPU
		{7E881441-9DAE-4C7F-B413-DF7215227FE6}.Release|Any CPU.ActiveCfg = Release|Any CPU
		{7E881441-9DAE-4C7F-B413-DF7215227FE6}.Release|Any CPU.Build.0 = Release|Any CPU
	EndGlobalSection
	GlobalSection(SolutionProperties) = preSolution
		HideSolutionNode = FALSE
	EndGlobalSection
	GlobalSection(ExtensibilityGlobals) = postSolution
		SolutionGuid = {3AE396C1-D7E7-41FF-B548-23D68921428F}
	EndGlobalSection
EndGlobal
